
Microsoft Visual Studio Solution File, Format Version 12.00
# Visual Studio Version 17
VisualStudioVersion = 17.0.32112.339
MinimumVisualStudioVersion = 10.0.40219.1
Project("{FAE04EC0-301F-11D3-BF4B-00C04F79EFBC}") = "SistemaFITUNEDJassonContreras", "SistemaFITUNEDJassonContreras\SistemaFITUNEDJassonContreras.csproj", "{C068D7B0-E5FB-4443-8682-F9C2DF151060}"
EndProject
Project("{FAE04EC0-301F-11D3-BF4B-00C04F79EFBC}") = "LibreriasClasesGym", "LibreriasClasesGym\LibreriasClasesGym.csproj", "{EC80124C-C04C-4D0A-9517-97E12E2907E3}"
EndProject
Project("{FAE04EC0-301F-11D3-BF4B-00C04F79EFBC}") = "ProyectoCliente", "ProyectoCliente\ProyectoCliente.csproj", "{8CDF0085-090D-4494-86AC-42DB525C8F7D}"
EndProject
Global
	GlobalSection(SolutionConfigurationPlatforms) = preSolution
		Debug|Any CPU = Debug|Any CPU
		Release|Any CPU = Release|Any CPU
	EndGlobalSection
	GlobalSection(ProjectConfigurationPlatforms) = postSolution
		{C068D7B0-E5FB-4443-8682-F9C2DF151060}.Debug|Any CPU.ActiveCfg = Debug|Any CPU
		{C068D7B0-E5FB-4443-8682-F9C2DF151060}.Debug|Any CPU.Build.0 = Debug|Any CPU
		{C068D7B0-E5FB-4443-8682-F9C2DF151060}.Release|Any CPU.ActiveCfg = Release|Any CPU
		{C068D7B0-E5FB-4443-8682-F9C2DF151060}.Release|Any CPU.Build.0 = Release|Any CPU
		{EC80124C-C04C-4D0A-9517-97E12E2907E3}.Debug|Any CPU.ActiveCfg = Debug|Any CPU
		{EC80124C-C04C-4D0A-9517-97E12E2907E3}.Debug|Any CPU.Build.0 = Debug|Any CPU
		{EC80124C-C04C-4D0A-9517-97E12E2907E3}.Release|Any CPU.ActiveCfg = Release|Any CPU
		{EC80124C-C04C-4D0A-9517-97E12E2907E3}.Release|Any CPU.Build.0 = Release|Any CPU
		{8CDF0085-090D-4494-86AC-42DB525C8F7D}.Debug|Any CPU.ActiveCfg = Debug|Any CPU
		{8CDF0085-090D-4494-86AC-42DB525C8F7D}.Debug|Any CPU.Build.0 = Debug|Any CPU
		{8CDF0085-090D-4494-86AC-42DB525C8F7D}.Release|Any CPU.ActiveCfg = Release|Any CPU
		{8CDF0085-090D-4494-86AC-42DB525C8F7D}.Release|Any CPU.Build.0 = Release|Any CPU
	EndGlobalSection
	GlobalSection(SolutionProperties) = preSolution
		HideSolutionNode = FALSE
	EndGlobalSection
	GlobalSection(ExtensibilityGlobals) = postSolution
		SolutionGuid = {DFB62A54-7F28-426E-843D-4DA7D9B58A5D}
	EndGlobalSection
EndGlobal
